schema_version=1
captured_at=2026-07-21
status=development-toolchain-not-yet-validated
linux_distribution=Arch Linux rolling
kernel=7.1.3-arch1-3
host_compiler=GCC 16.1.1
cmake=4.4.0
build_tool=GNU Make 4.4.1
cuda_toolkit=13.3.73
nvidia_driver=610.43.03
python=3.14.6
gpu=NVIDIA GeForce RTX 5080 Laptop GPU
gpu_uuid=GPU-93070293-2184-eb69-555b-1d856a4fdbb8
gpu_compute_capability=12.0
gpu_vram=16303 MiB
gpu_vbios=98.03.5C.00.F2
cutlass_commit=UNPINNED_NOT_USED
llama_cpp_commit=UNPINNED
model_revision=b1f649734b34aa5575b03d186abd1b9be3d0d5c4
note=This is not the primary desktop RTX 5080 benchmark machine.

